{
  "requires": true,
  "lockfileVersion": 1,
  "dependencies": {
    "bower": {
      "version": "1.8.9",
      "resolved": "https://registry.npmjs.org/bower/-/bower-1.8.9.tgz",
      "integrity": "sha512-10CHDLeFr1adybioNdNnj3ieMMdk4sa23RAD3oeE0o1o7yf3qS7DmCSo2uQZrLEnbCN1qqeWZxOYxv+vWuguuQ==",
      "dev": true
    }
  }
}
